
Microsoft Visual Studio Solution File, Format Version 12.00
# Visual Studio Version 16
VisualStudioVersion = 16.0.28917.181
MinimumVisualStudioVersion = 10.0.40219.1
Project("{FAE04EC0-301F-11D3-BF4B-00C04F79EFBC}") = "ProjectCodeFirst", "ProjectCodeFirst\ProjectCodeFirst.csproj", "{DD2B84E2-00D6-4583-86B0-D00C279D5C57}"
EndProject
Project("{FAE04EC0-301F-11D3-BF4B-00C04F79EFBC}") = "AnarJson", "AnarJson\AnarJson.csproj", "{7F4511AB-6A4E-48F7-ADAD-74A68543216D}"
EndProject
Global
	GlobalSection(SolutionConfigurationPlatforms) = preSolution
		Debug|Any CPU = Debug|Any CPU
		Release|Any CPU = Release|Any CPU
	EndGlobalSection
	GlobalSection(ProjectConfigurationPlatforms) = postSolution
		{DD2B84E2-00D6-4583-86B0-D00C279D5C57}.Debug|Any CPU.ActiveCfg = Debug|Any CPU
		{DD2B84E2-00D6-4583-86B0-D00C279D5C57}.Debug|Any CPU.Build.0 = Debug|Any CPU
		{DD2B84E2-00D6-4583-86B0-D00C279D5C57}.Release|Any CPU.ActiveCfg = Release|Any CPU
		{DD2B84E2-00D6-4583-86B0-D00C279D5C57}.Release|Any CPU.Build.0 = Release|Any CPU
		{7F4511AB-6A4E-48F7-ADAD-74A68543216D}.Debug|Any CPU.ActiveCfg = Debug|Any CPU
		{7F4511AB-6A4E-48F7-ADAD-74A68543216D}.Debug|Any CPU.Build.0 = Debug|Any CPU
		{7F4511AB-6A4E-48F7-ADAD-74A68543216D}.Release|Any CPU.ActiveCfg = Release|Any CPU
		{7F4511AB-6A4E-48F7-ADAD-74A68543216D}.Release|Any CPU.Build.0 = Release|Any CPU
	EndGlobalSection
	GlobalSection(SolutionProperties) = preSolution
		HideSolutionNode = FALSE
	EndGlobalSection
	GlobalSection(ExtensibilityGlobals) = postSolution
		SolutionGuid = {4C42450D-860E-4C99-B13F-6BA3DAAE8A84}
	EndGlobalSection
EndGlobal
